// !$*UTF8*$!
{
	archiveVersion = 1;
	classes = {
	};
	objectVersion = 77;
	objects = {

/* Begin PBXBuildFile section */
		0472D46DA1B0BCD2BB35290B /* ConsultationFormModel.swift in Sources */ = {isa = PBXBuildFile; fileRef = B21D3124B1FF8004D8AF4AA6 /* ConsultationFormModel.swift */; };
		27AA7A246A4DF9F9D0690104 /* MiniPRMApp.swift in Sources */ = {isa = PBXBuildFile; fileRef = C62FEEA2FFD7085654A5A648 /* MiniPRMApp.swift */; };
		30503223E1FAD99A8DA24DC9 /* PatientDetailView.swift in Sources */ = {isa = PBXBuildFile; fileRef = 0AB83043449B9917FCD9E3B6 /* PatientDetailView.swift */; };
		3607ABC848342368D241CC28 /* Patient+CoreDataClass.swift in Sources */ = {isa = PBXBuildFile; fileRef = 122923241C131358F50DB05A /* Patient+CoreDataClass.swift */; };
		7A437803C4D67E15A8A42257 /* PatientsView.swift in Sources */ = {isa = PBXBuildFile; fileRef = 6F403AF4E183CF11EF4D0B00 /* PatientsView.swift */; };
		850FEF6666EBE64338FA863A /* Consultation+CoreData.swift in Sources */ = {isa = PBXBuildFile; fileRef = DFA1D0CC80CF453A2EA6BDA5 /* Consultation+CoreData.swift */; };
		8DA1C266FA8BD127BBAC2A1E /* ConsultationView.swift in Sources */ = {isa = PBXBuildFile; fileRef = EB7A57AF779BE5082A58BB5F /* ConsultationView.swift */; };
		A39CDE4FAED1CA80E9BB16A3 /* Patient+CoreDataProperties.swift in Sources */ = {isa = PBXBuildFile; fileRef = 2AAE6BF3858908656FE8E8E7 /* Patient+CoreDataProperties.swift */; };
		B49FCBBA18C2CFD6F6037C8B /* Prescription+CoreData.swift in Sources */ = {isa = PBXBuildFile; fileRef = 3A131D07974D177D4204F4F1 /* Prescription+CoreData.swift */; };
		D0D508065AD86FDE3C9A7C54 /* Appointment+CoreData.swift in Sources */ = {isa = PBXBuildFile; fileRef = 1FBFAE4B193C0698CFECFF71 /* Appointment+CoreData.swift */; };
		D1195A268767CC1B4ACDE928 /* ExamOrder+CoreData.swift in Sources */ = {isa = PBXBuildFile; fileRef = E01032857C8AA130A3DCFBDA /* ExamOrder+CoreData.swift */; };
		E9FC04A529781ACCED2C57E9 /* PersistenceController.swift in Sources */ = {isa = PBXBuildFile; fileRef = 99DFF34D128D88B162DDF398 /* PersistenceController.swift */; };
		FDB7FFA69884DE3EE6044DF6 /* PatientFormView.swift in Sources */ = {isa = PBXBuildFile; fileRef = 5D7DCDACD949298E81DBD004 /* PatientFormView.swift */; };
/* End PBXBuildFile section */

/* Begin PBXFileReference section */
		0AB83043449B9917FCD9E3B6 /* PatientDetailView.swift */ = {isa = PBXFileReference; lastKnownFileType = sourcecode.swift; path = PatientDetailView.swift; sourceTree = "<group>"; };
		122923241C131358F50DB05A /* Patient+CoreDataClass.swift */ = {isa = PBXFileReference; lastKnownFileType = sourcecode.swift; path = "Patient+CoreDataClass.swift"; sourceTree = "<group>"; };
		1FBFAE4B193C0698CFECFF71 /* Appointment+CoreData.swift */ = {isa = PBXFileReference; lastKnownFileType = sourcecode.swift; path = "Appointment+CoreData.swift"; sourceTree = "<group>"; };
		2AAE6BF3858908656FE8E8E7 /* Patient+CoreDataProperties.swift */ = {isa = PBXFileReference; lastKnownFileType = sourcecode.swift; path = "Patient+CoreDataProperties.swift"; sourceTree = "<group>"; };
		3A131D07974D177D4204F4F1 /* Prescription+CoreData.swift */ = {isa = PBXFileReference; lastKnownFileType = sourcecode.swift; path = "Prescription+CoreData.swift"; sourceTree = "<group>"; };
		41CAE052D6248BE4AC6F2DB9 /* MiniPRM.app */ = {isa = PBXFileReference; explicitFileType = wrapper.application; includeInIndex = 0; path = MiniPRM.app; sourceTree = BUILT_PRODUCTS_DIR; };
		5D7DCDACD949298E81DBD004 /* PatientFormView.swift */ = {isa = PBXFileReference; lastKnownFileType = sourcecode.swift; path = PatientFormView.swift; sourceTree = "<group>"; };
		6F403AF4E183CF11EF4D0B00 /* PatientsView.swift */ = {isa = PBXFileReference; lastKnownFileType = sourcecode.swift; path = PatientsView.swift; sourceTree = "<group>"; };
		99DFF34D128D88B162DDF398 /* PersistenceController.swift */ = {isa = PBXFileReference; lastKnownFileType = sourcecode.swift; path = PersistenceController.swift; sourceTree = "<group>"; };
		B21D3124B1FF8004D8AF4AA6 /* ConsultationFormModel.swift */ = {isa = PBXFileReference; lastKnownFileType = sourcecode.swift; path = ConsultationFormModel.swift; sourceTree = "<group>"; };
		C62FEEA2FFD7085654A5A648 /* MiniPRMApp.swift */ = {isa = PBXFileReference; lastKnownFileType = sourcecode.swift; path = MiniPRMApp.swift; sourceTree = "<group>"; };
		DFA1D0CC80CF453A2EA6BDA5 /* Consultation+CoreData.swift */ = {isa = PBXFileReference; lastKnownFileType = sourcecode.swift; path = "Consultation+CoreData.swift"; sourceTree = "<group>"; };
		E01032857C8AA130A3DCFBDA /* ExamOrder+CoreData.swift */ = {isa = PBXFileReference; lastKnownFileType = sourcecode.swift; path = "ExamOrder+CoreData.swift"; sourceTree = "<group>"; };
		EB7A57AF779BE5082A58BB5F /* ConsultationView.swift */ = {isa = PBXFileReference; lastKnownFileType = sourcecode.swift; path = ConsultationView.swift; sourceTree = "<group>"; };
/* End PBXFileReference section */

/* Begin PBXGroup section */
		3B4657A22896FA2BAFB56E23 /* medicalautomation */ = {
			isa = PBXGroup;
			children = (
				1FBFAE4B193C0698CFECFF71 /* Appointment+CoreData.swift */,
				DFA1D0CC80CF453A2EA6BDA5 /* Consultation+CoreData.swift */,
				B21D3124B1FF8004D8AF4AA6 /* ConsultationFormModel.swift */,
				EB7A57AF779BE5082A58BB5F /* ConsultationView.swift */,
				E01032857C8AA130A3DCFBDA /* ExamOrder+CoreData.swift */,
				C62FEEA2FFD7085654A5A648 /* MiniPRMApp.swift */,
				122923241C131358F50DB05A /* Patient+CoreDataClass.swift */,
				2AAE6BF3858908656FE8E8E7 /* Patient+CoreDataProperties.swift */,
				0AB83043449B9917FCD9E3B6 /* PatientDetailView.swift */,
				5D7DCDACD949298E81DBD004 /* PatientFormView.swift */,
				6F403AF4E183CF11EF4D0B00 /* PatientsView.swift */,
				99DFF34D128D88B162DDF398 /* PersistenceController.swift */,
				3A131D07974D177D4204F4F1 /* Prescription+CoreData.swift */,
			);
			name = medicalautomation;
			path = .;
			sourceTree = "<group>";
		};
		747F143F6488FE492816389D = {
			isa = PBXGroup;
			children = (
				3B4657A22896FA2BAFB56E23 /* medicalautomation */,
				CE00D40238E72816A9488C42 /* Products */,
			);
			sourceTree = "<group>";
		};
		CE00D40238E72816A9488C42 /* Products */ = {
			isa = PBXGroup;
			children = (
				41CAE052D6248BE4AC6F2DB9 /* MiniPRM.app */,
			);
			name = Products;
			sourceTree = "<group>";
		};
/* End PBXGroup section */

/* Begin PBXNativeTarget section */
		CA40CEF6E163406353525B7F /* MiniPRM */ = {
			isa = PBXNativeTarget;
			buildConfigurationList = 14B737BA47C30E22F9670F68 /* Build configuration list for PBXNativeTarget "MiniPRM" */;
			buildPhases = (
				B33939768ED50E621EBDEE96 /* Sources */,
			);
			buildRules = (
			);
			dependencies = (
			);
			name = MiniPRM;
			packageProductDependencies = (
			);
			productName = MiniPRM;
			productReference = 41CAE052D6248BE4AC6F2DB9 /* MiniPRM.app */;
			productType = "com.apple.product-type.application";
		};
/* End PBXNativeTarget section */

/* Begin PBXProject section */
		2ACE199EFCC585D978D800E7 /* Project object */ = {
			isa = PBXProject;
			attributes = {
				BuildIndependentTargetsInParallel = YES;
				LastUpgradeCheck = 1430;
			};
			buildConfigurationList = F21AC17E19AF1D28ABB8FE9D /* Build configuration list for PBXProject "MiniPRM" */;
			compatibilityVersion = "Xcode 14.0";
			developmentRegion = en;
			hasScannedForEncodings = 0;
			knownRegions = (
				Base,
				en,
			);
			mainGroup = 747F143F6488FE492816389D;
			minimizedProjectReferenceProxies = 1;
			preferredProjectObjectVersion = 77;
			projectDirPath = "";
			projectRoot = "";
			targets = (
				CA40CEF6E163406353525B7F /* MiniPRM */,
			);
		};
/* End PBXProject section */

/* Begin PBXSourcesBuildPhase section */
		B33939768ED50E621EBDEE96 /* Sources */ = {
			isa = PBXSourcesBuildPhase;
			buildActionMask = 2147483647;
			files = (
				D0D508065AD86FDE3C9A7C54 /* Appointment+CoreData.swift in Sources */,
				850FEF6666EBE64338FA863A /* Consultation+CoreData.swift in Sources */,
				0472D46DA1B0BCD2BB35290B /* ConsultationFormModel.swift in Sources */,
				8DA1C266FA8BD127BBAC2A1E /* ConsultationView.swift in Sources */,
				D1195A268767CC1B4ACDE928 /* ExamOrder+CoreData.swift in Sources */,
				27AA7A246A4DF9F9D0690104 /* MiniPRMApp.swift in Sources */,
				3607ABC848342368D241CC28 /* Patient+CoreDataClass.swift in Sources */,
				A39CDE4FAED1CA80E9BB16A3 /* Patient+CoreDataProperties.swift in Sources */,
				30503223E1FAD99A8DA24DC9 /* PatientDetailView.swift in Sources */,
				FDB7FFA69884DE3EE6044DF6 /* PatientFormView.swift in Sources */,
				7A437803C4D67E15A8A42257 /* PatientsView.swift in Sources */,
				E9FC04A529781ACCED2C57E9 /* PersistenceController.swift in Sources */,
				B49FCBBA18C2CFD6F6037C8B /* Prescription+CoreData.swift in Sources */,
			);
			runOnlyForDeploymentPostprocessing = 0;
		};
/* End PBXSourcesBuildPhase section */

/* Begin XCBuildConfiguration section */
		258986A85CEADC50736F249A /* Debug */ = {
			isa = XCBuildConfiguration;
			buildSettings = {
				ALWAYS_SEARCH_USER_PATHS = NO;
				CLANG_ANALYZER_NONNULL = YES;
				CLANG_ANALYZER_NUMBER_OBJECT_CONVERSION = YES_AGGRESSIVE;
				CLANG_CXX_LANGUAGE_STANDARD = "gnu++14";
				CLANG_CXX_LIBRARY = "libc++";
				CLANG_ENABLE_MODULES = YES;
				CLANG_ENABLE_OBJC_ARC = YES;
				CLANG_ENABLE_OBJC_WEAK = YES;
				CLANG_WARN_BLOCK_CAPTURE_AUTORELEASING = YES;
				CLANG_WARN_BOOL_CONVERSION = YES;
				CLANG_WARN_COMMA = YES;
				CLANG_WARN_CONSTANT_CONVERSION = YES;
				CLANG_WARN_DEPRECATED_OBJC_IMPLEMENTATIONS = YES;
				CLANG_WARN_DIRECT_OBJC_ISA_USAGE = YES_ERROR;
				CLANG_WARN_DOCUMENTATION_COMMENTS = YES;
				CLANG_WARN_EMPTY_BODY = YES;
				CLANG_WARN_ENUM_CONVERSION = YES;
				CLANG_WARN_INFINITE_RECURSION = YES;
				CLANG_WARN_INT_CONVERSION = YES;
				CLANG_WARN_NON_LITERAL_NULL_CONVERSION = YES;
				CLANG_WARN_OBJC_IMPLICIT_RETAIN_SELF = YES;
				CLANG_WARN_OBJC_LITERAL_CONVERSION = YES;
				CLANG_WARN_OBJC_ROOT_CLASS = YES_ERROR;
				CLANG_WARN_QUOTED_INCLUDE_IN_FRAMEWORK_HEADER = YES;
				CLANG_WARN_RANGE_LOOP_ANALYSIS = YES;
				CLANG_WARN_STRICT_PROTOTYPES = YES;
				CLANG_WARN_SUSPICIOUS_MOVE = YES;
				CLANG_WARN_UNGUARDED_AVAILABILITY = YES_AGGRESSIVE;
				CLANG_WARN_UNREACHABLE_CODE = YES;
				CLANG_WARN__DUPLICATE_METHOD_MATCH = YES;
				COPY_PHASE_STRIP = NO;
				DEBUG_INFORMATION_FORMAT = dwarf;
				ENABLE_STRICT_OBJC_MSGSEND = YES;
				ENABLE_TESTABILITY = YES;
				GCC_C_LANGUAGE_STANDARD = gnu11;
				GCC_DYNAMIC_NO_PIC = NO;
				GCC_NO_COMMON_BLOCKS = YES;
				GCC_OPTIMIZATION_LEVEL = 0;
				GCC_PREPROCESSOR_DEFINITIONS = (
					"$(inherited)",
					"DEBUG=1",
				);
				GCC_WARN_64_TO_32_BIT_CONVERSION = YES;
				GCC_WARN_ABOUT_RETURN_TYPE = YES_ERROR;
				GCC_WARN_UNDECLARED_SELECTOR = YES;
				GCC_WARN_UNINITIALIZED_AUTOS = YES_AGGRESSIVE;
				GCC_WARN_UNUSED_FUNCTION = YES;
				GCC_WARN_UNUSED_VARIABLE = YES;
				MACOSX_DEPLOYMENT_TARGET = 13.0;
				MTL_ENABLE_DEBUG_INFO = INCLUDE_SOURCE;
				MTL_FAST_MATH = YES;
				ONLY_ACTIVE_ARCH = YES;
				PRODUCT_NAME = "$(TARGET_NAME)";
				SDKROOT = macosx;
				SWIFT_ACTIVE_COMPILATION_CONDITIONS = DEBUG;
				SWIFT_OPTIMIZATION_LEVEL = "-Onone";
				SWIFT_VERSION = 5.0;
			};
			name = Debug;
		};
		2EAA26323780355D53079F1E /* Release */ = {
			isa = XCBuildConfiguration;
			buildSettings = {
				ALWAYS_SEARCH_USER_PATHS = NO;
				CLANG_ANALYZER_NONNULL = YES;
				CLANG_ANALYZER_NUMBER_OBJECT_CONVERSION = YES_AGGRESSIVE;
				CLANG_CXX_LANGUAGE_STANDARD = "gnu++14";
				CLANG_CXX_LIBRARY = "libc++";
				CLANG_ENABLE_MODULES = YES;
				CLANG_ENABLE_OBJC_ARC = YES;
				CLANG_ENABLE_OBJC_WEAK = YES;
				CLANG_WARN_BLOCK_CAPTURE_AUTORELEASING = YES;
				CLANG_WARN_BOOL_CONVERSION = YES;
				CLANG_WARN_COMMA = YES;
				CLANG_WARN_CONSTANT_CONVERSION = YES;
				CLANG_WARN_DEPRECATED_OBJC_IMPLEMENTATIONS = YES;
				CLANG_WARN_DIRECT_OBJC_ISA_USAGE = YES_ERROR;
				CLANG_WARN_DOCUMENTATION_COMMENTS = YES;
				CLANG_WARN_EMPTY_BODY = YES;
				CLANG_WARN_ENUM_CONVERSION = YES;
				CLANG_WARN_INFINITE_RECURSION = YES;
				CLANG_WARN_INT_CONVERSION = YES;
				CLANG_WARN_NON_LITERAL_NULL_CONVERSION = YES;
				CLANG_WARN_OBJC_IMPLICIT_RETAIN_SELF = YES;
				CLANG_WARN_OBJC_LITERAL_CONVERSION = YES;
				CLANG_WARN_OBJC_ROOT_CLASS = YES_ERROR;
				CLANG_WARN_QUOTED_INCLUDE_IN_FRAMEWORK_HEADER = YES;
				CLANG_WARN_RANGE_LOOP_ANALYSIS = YES;
				CLANG_WARN_STRICT_PROTOTYPES = YES;
				CLANG_WARN_SUSPICIOUS_MOVE = YES;
				CLANG_WARN_UNGUARDED_AVAILABILITY = YES_AGGRESSIVE;
				CLANG_WARN_UNREACHABLE_CODE = YES;
				CLANG_WARN__DUPLICATE_METHOD_MATCH = YES;
				COPY_PHASE_STRIP = NO;
				DEBUG_INFORMATION_FORMAT = "dwarf-with-dsym";
				ENABLE_NS_ASSERTIONS = NO;
				ENABLE_STRICT_OBJC_MSGSEND = YES;
				GCC_C_LANGUAGE_STANDARD = gnu11;
				GCC_NO_COMMON_BLOCKS = YES;
				GCC_WARN_64_TO_32_BIT_CONVERSION = YES;
				GCC_WARN_ABOUT_RETURN_TYPE = YES_ERROR;
				GCC_WARN_UNDECLARED_SELECTOR = YES;
				GCC_WARN_UNINITIALIZED_AUTOS = YES_AGGRESSIVE;
				GCC_WARN_UNUSED_FUNCTION = YES;
				GCC_WARN_UNUSED_VARIABLE = YES;
				MACOSX_DEPLOYMENT_TARGET = 13.0;
				MTL_ENABLE_DEBUG_INFO = NO;
				MTL_FAST_MATH = YES;
				PRODUCT_NAME = "$(TARGET_NAME)";
				SDKROOT = macosx;
				SWIFT_COMPILATION_MODE = wholemodule;
				SWIFT_OPTIMIZATION_LEVEL = "-O";
				SWIFT_VERSION = 5.0;
			};
			name = Release;
		};
		34F7598F98AF7EF42941C19B /* Debug */ = {
			isa = XCBuildConfiguration;
			buildSettings = {
				ASSETCATALOG_COMPILER_APPICON_NAME = AppIcon;
				COMBINE_HIDPI_IMAGES = YES;
				INFOPLIST_FILE = .build/MiniPRM.app/Contents/Info.plist;
				LD_RUNPATH_SEARCH_PATHS = (
					"$(inherited)",
					"@executable_path/../Frameworks",
				);
				MACOSX_DEPLOYMENT_TARGET = 13.0;
				PRODUCT_BUNDLE_IDENTIFIER = com.felipemaldonado.MiniPRM;
				SDKROOT = macosx;
				SWIFT_VERSION = 5.9;
			};
			name = Debug;
		};
		AD00DEA3BEC41F81094A2AFE /* Release */ = {
			isa = XCBuildConfiguration;
			buildSettings = {
				ASSETCATALOG_COMPILER_APPICON_NAME = AppIcon;
				COMBINE_HIDPI_IMAGES = YES;
				INFOPLIST_FILE = .build/MiniPRM.app/Contents/Info.plist;
				LD_RUNPATH_SEARCH_PATHS = (
					"$(inherited)",
					"@executable_path/../Frameworks",
				);
				MACOSX_DEPLOYMENT_TARGET = 13.0;
				PRODUCT_BUNDLE_IDENTIFIER = com.felipemaldonado.MiniPRM;
				SDKROOT = macosx;
				SWIFT_VERSION = 5.9;
			};
			name = Release;
		};
/* End XCBuildConfiguration section */

/* Begin XCConfigurationList section */
		14B737BA47C30E22F9670F68 /* Build configuration list for PBXNativeTarget "MiniPRM" */ = {
			isa = XCConfigurationList;
			buildConfigurations = (
				34F7598F98AF7EF42941C19B /* Debug */,
				AD00DEA3BEC41F81094A2AFE /* Release */,
			);
			defaultConfigurationIsVisible = 0;
			defaultConfigurationName = Debug;
		};
		F21AC17E19AF1D28ABB8FE9D /* Build configuration list for PBXProject "MiniPRM" */ = {
			isa = XCConfigurationList;
			buildConfigurations = (
				258986A85CEADC50736F249A /* Debug */,
				2EAA26323780355D53079F1E /* Release */,
			);
			defaultConfigurationIsVisible = 0;
			defaultConfigurationName = Debug;
		};
/* End XCConfigurationList section */
	};
	rootObject = 2ACE199EFCC585D978D800E7 /* Project object */;
}
